{
  "meteor": {
    "git": "https://github.com/meteor/meteor.git",
    "branch": "master",
    "commit": "4d98d8cb4e5a95e9e98953f44c872c9332a042a3"
  },
  "dependencies": {
    "basePackages": {
      "router": {},
      "stylus-mixin": {},
      "d3js-package": {},
      "font-awesome": {}
    },
    "packages": {
      "router": {
        "git": "https://github.com/tmeasday/meteor-router.git",
        "tag": "v0.3.4",
        "commit": "8f0d5303de5b93771e91f21f818be27358c2fb30"
      },
      "stylus-mixin": {
        "git": "https://github.com/Charuru/stylus-mixin.git",
        "tag": "v1.1.0",
        "commit": "30483b684d044c09209882ed49fa4a9907300fcf"
      },
      "d3js-package": {
        "git": "https://github.com/acidsound/d3js-package.git",
        "tag": "v0.5.1",
        "commit": "7d3eda4fca00782624ef8e99db84488711ba17e3"
      },
      "font-awesome": {
        "git": "https://github.com/nate-strauser/meteor-font-awesome.git",
        "tag": "v0.1.2",
        "commit": "f68badb67341b4a4c83d7f449a4e985613ff63d5"
      },
      "page-js": {
        "git": "https://github.com/tmeasday/meteor-page-js.git",
        "tag": "v1.3.3",
        "commit": "c1e9832af3fc2b2f5139a16d93a82ca6fa0655da"
      },
      "bootstrap-updated": {
        "git": "https://github.com/Charuru/bootstrap-updated.git",
        "tag": "v1.0.1",
        "commit": "bdd5fcc8e134e62bcbb9d11aad8270534ffb6493"
      }
    }
  }
}
